{
    "_readme": [
        "This file locks the dependencies of your project to a known state",
        "Read more about it at https://getcomposer.org/doc/01-basic-usage.md#installing-dependencies",
        "This file is @generated automatically"
    ],
    "content-hash": "129242a1a16e2f059079855c8a5dda53",
    "packages": [
        {
            "name": "bacon/bacon-qr-code",
            "version": "2.0.8",
            "source": {
                "type": "git",
                "url": "https://github.com/Bacon/BaconQrCode.git",
                "reference": "8674e51bb65af933a5ffaf1c308a660387c35c22"
            },
            "dist": {
                "type": "zip",
                "url": "https://api.github.com/repos/Bacon/BaconQrCode/zipball/8674e51bb65af933a5ffaf1c308a660387c35c22",
                "reference": "8674e51bb65af933a5ffaf1c308a660387c35c22",
                "shasum": ""
            },
            "require": {
                "dasprid/enum": "^1.0.3",
                "ext-iconv": "*",
                "php": "^7.1 || ^8.0"
            },
            "require-dev": {
                "phly/keep-a-changelog": "^2.1",
                "phpunit/phpunit": "^7 | ^8 | ^9",
                "spatie/phpunit-snapshot-assertions": "^4.2.9",
                "squizlabs/php_codesniffer": "^3.4"
            },
            "suggest": {
                "ext-imagick": "to generate QR code images"
            },
            "type": "library",
            "autoload": {
                "psr-4": {
                    "BaconQrCode\\": "src/"
                }
            },
            "notification-url": "https://packagist.org/downloads/",
            "license": [
                "BSD-2-Clause"
            ],
            "authors": [
                {
                    "name": "Ben Scholzen 'DASPRiD'",
                    "email": "mail@dasprids.de",
                    "homepage": "https://dasprids.de/",
                    "role": "Developer"
                }
            ],
            "description": "BaconQrCode is a QR code generator for PHP.",
            "homepage": "https://github.com/Bacon/BaconQrCode",
            "support": {
                "issues": "https://github.com/Bacon/BaconQrCode/issues",
                "source": "https://github.com/Bacon/BaconQrCode/tree/2.0.8"
            },
            "time": "2022-12-07T17:46:57+00:00"
        },
        {
            "name": "chillerlan/php-qrcode",
            "version": "4.4.1",
            "source": {
                "type": "git",
                "url": "https://github.com/chillerlan/php-qrcode.git",
                "reference": "f5e243f3b61a60934780579430a951460f40888d"
            },
            "dist": {
                "type": "zip",
                "url": "https://api.github.com/repos/chillerlan/php-qrcode/zipball/f5e243f3b61a60934780579430a951460f40888d",
                "reference": "f5e243f3b61a60934780579430a951460f40888d",
                "shasum": ""
            },
            "require": {
                "chillerlan/php-settings-container": "^2.1.4 || ^3.1",
                "ext-mbstring": "*",
                "php": "^7.4 || ^8.0"
            },
            "require-dev": {
                "phan/phan": "^5.4",
                "phpmd/phpmd": "^2.15",
                "phpunit/phpunit": "^9.6",
                "setasign/fpdf": "^1.8.2",
                "squizlabs/php_codesniffer": "^3.8"
            },
            "suggest": {
                "chillerlan/php-authenticator": "Yet another Google authenticator! Also creates URIs for mobile apps.",
                "setasign/fpdf": "Required to use the QR FPDF output.",
                "simple-icons/simple-icons": "SVG icons that you can use to embed as logos in the QR Code"
            },
            "type": "library",
            "autoload": {
                "psr-4": {
                    "chillerlan\\QRCode\\": "src/"
                }
            },
            "notification-url": "https://packagist.org/downloads/",
            "license": [
                "MIT"
            ],
            "authors": [
                {
                    "name": "Kazuhiko Arase",
                    "homepage": "https://github.com/kazuhikoarase"
                },
                {
                    "name": "Smiley",
                    "email": "smiley@chillerlan.net",
                    "homepage": "https://github.com/codemasher"
                },
                {
                    "name": "Contributors",
                    "homepage": "https://github.com/chillerlan/php-qrcode/graphs/contributors"
                }
            ],
            "description": "A QR code generator with a user friendly API. PHP 7.4+",
            "homepage": "https://github.com/chillerlan/php-qrcode",
            "keywords": [
                "phpqrcode",
                "qr",
                "qr code",
                "qrcode",
                "qrcode-generator"
            ],
            "support": {
                "issues": "https://github.com/chillerlan/php-qrcode/issues",
                "source": "https://github.com/chillerlan/php-qrcode/tree/4.4.1"
            },
            "funding": [
                {
                    "url": "https://www.paypal.com/donate?hosted_button_id=WLYUNAT9ZTJZ4",
                    "type": "custom"
                },
                {
                    "url": "https://ko-fi.com/codemasher",
                    "type": "ko_fi"
                }
            ],
            "time": "2024-01-06T16:56:58+00:00"
        },
        {
            "name": "chillerlan/php-settings-container",
            "version": "3.2.0",
            "source": {
                "type": "git",
                "url": "https://github.com/chillerlan/php-settings-container.git",
                "reference": "8f93648fac8e6bacac8e00a8d325eba4950295e6"
            },
            "dist": {
                "type": "zip",
                "url": "https://api.github.com/repos/chillerlan/php-settings-container/zipball/8f93648fac8e6bacac8e00a8d325eba4950295e6",
                "reference": "8f93648fac8e6bacac8e00a8d325eba4950295e6",
                "shasum": ""
            },
            "require": {
                "ext-json": "*",
                "php": "^8.1"
            },
            "require-dev": {
                "phan/phan": "^5.4",
                "phpmd/phpmd": "^2.15",
                "phpunit/phpunit": "^10.5",
                "squizlabs/php_codesniffer": "^3.9"
            },
            "type": "library",
            "autoload": {
                "psr-4": {
                    "chillerlan\\Settings\\": "src/"
                }
            },
            "notification-url": "https://packagist.org/downloads/",
            "license": [
                "MIT"
            ],
            "authors": [
                {
                    "name": "Smiley",
                    "email": "smiley@chillerlan.net",
                    "homepage": "https://github.com/codemasher"
                }
            ],
            "description": "A container class for immutable settings objects. Not a DI container.",
            "homepage": "https://github.com/chillerlan/php-settings-container",
            "keywords": [
                "Settings",
                "configuration",
                "container",
                "helper"
            ],
            "support": {
                "issues": "https://github.com/chillerlan/php-settings-container/issues",
                "source": "https://github.com/chillerlan/php-settings-container"
            },
            "funding": [
                {
                    "url": "https://www.paypal.com/donate?hosted_button_id=WLYUNAT9ZTJZ4",
                    "type": "custom"
                },
                {
                    "url": "https://ko-fi.com/codemasher",
                    "type": "ko_fi"
                }
            ],
            "time": "2024-03-02T20:07:15+00:00"
        },
        {
            "name": "dasprid/enum",
            "version": "1.0.5",
            "source": {
                "type": "git",
                "url": "https://github.com/DASPRiD/Enum.git",
                "reference": "6faf451159fb8ba4126b925ed2d78acfce0dc016"
            },
            "dist": {
                "type": "zip",
                "url": "https://api.github.com/repos/DASPRiD/Enum/zipball/6faf451159fb8ba4126b925ed2d78acfce0dc016",
                "reference": "6faf451159fb8ba4126b925ed2d78acfce0dc016",
                "shasum": ""
            },
            "require": {
                "php": ">=7.1 <9.0"
            },
            "require-dev": {
                "phpunit/phpunit": "^7 | ^8 | ^9",
                "squizlabs/php_codesniffer": "*"
            },
            "type": "library",
            "autoload": {
                "psr-4": {
                    "DASPRiD\\Enum\\": "src/"
                }
            },
            "notification-url": "https://packagist.org/downloads/",
            "license": [
                "BSD-2-Clause"
            ],
            "authors": [
                {
                    "name": "Ben Scholzen 'DASPRiD'",
                    "email": "mail@dasprids.de",
                    "homepage": "https://dasprids.de/",
                    "role": "Developer"
                }
            ],
            "description": "PHP 7.1 enum implementation",
            "keywords": [
                "enum",
                "map"
            ],
            "support": {
                "issues": "https://github.com/DASPRiD/Enum/issues",
                "source": "https://github.com/DASPRiD/Enum/tree/1.0.5"
            },
            "time": "2023-08-25T16:18:39+00:00"
        },
        {
            "name": "endroid/qr-code",
            "version": "4.8.5",
            "source": {
                "type": "git",
                "url": "https://github.com/endroid/qr-code.git",
                "reference": "0db25b506a8411a5e1644ebaa67123a6eb7b6a77"
            },
            "dist": {
                "type": "zip",
                "url": "https://api.github.com/repos/endroid/qr-code/zipball/0db25b506a8411a5e1644ebaa67123a6eb7b6a77",
                "reference": "0db25b506a8411a5e1644ebaa67123a6eb7b6a77",
                "shasum": ""
            },
            "require": {
                "bacon/bacon-qr-code": "^2.0.5",
                "php": "^8.1"
            },
            "conflict": {
                "khanamiryan/qrcode-detector-decoder": "^1.0.6"
            },
            "require-dev": {
                "endroid/quality": "dev-master",
                "ext-gd": "*",
                "khanamiryan/qrcode-detector-decoder": "^1.0.4||^2.0.2",
                "setasign/fpdf": "^1.8.2"
            },
            "suggest": {
                "ext-gd": "Enables you to write PNG images",
                "khanamiryan/qrcode-detector-decoder": "Enables you to use the image validator",
                "roave/security-advisories": "Makes sure package versions with known security issues are not installed",
                "setasign/fpdf": "Enables you to use the PDF writer"
            },
            "type": "library",
            "extra": {
                "branch-alias": {
                    "dev-master": "4.x-dev"
                }
            },
            "autoload": {
                "psr-4": {
                    "Endroid\\QrCode\\": "src/"
                }
            },
            "notification-url": "https://packagist.org/downloads/",
            "license": [
                "MIT"
            ],
            "authors": [
                {
                    "name": "Jeroen van den Enden",
                    "email": "info@endroid.nl"
                }
            ],
            "description": "Endroid QR Code",
            "homepage": "https://github.com/endroid/qr-code",
            "keywords": [
                "code",
                "endroid",
                "php",
                "qr",
                "qrcode"
            ],
            "support": {
                "issues": "https://github.com/endroid/qr-code/issues",
                "source": "https://github.com/endroid/qr-code/tree/4.8.5"
            },
            "funding": [
                {
                    "url": "https://github.com/endroid",
                    "type": "github"
                }
            ],
            "time": "2023-09-29T14:03:20+00:00"
        }
    ],
    "packages-dev": [],
    "aliases": [],
    "minimum-stability": "stable",
    "stability-flags": [],
    "prefer-stable": false,
    "prefer-lowest": false,
    "platform": [],
    "platform-dev": [],
    "plugin-api-version": "2.6.0"
}
